
Microsoft Visual Studio Solution File, Format Version 12.00
# Visual Studio Version 16
VisualStudioVersion = 16.0.30611.23
MinimumVisualStudioVersion = 10.0.40219.1
Project("{FAE04EC0-301F-11D3-BF4B-00C04F79EFBC}") = "ShoppingList", "ShoppingList.csproj", "{A63ECC85-36F3-42CA-8B0E-77FC164CF225}"
EndProject
Global
	GlobalSection(SolutionConfigurationPlatforms) = preSolution
		Debug|Any CPU = Debug|Any CPU
		Release|Any CPU = Release|Any CPU
	EndGlobalSection
	GlobalSection(ProjectConfigurationPlatforms) = postSolution
		{A63ECC85-36F3-42CA-8B0E-77FC164CF225}.Debug|Any CPU.ActiveCfg = Debug|Any CPU
		{A63ECC85-36F3-42CA-8B0E-77FC164CF225}.Debug|Any CPU.Build.0 = Debug|Any CPU
		{A63ECC85-36F3-42CA-8B0E-77FC164CF225}.Release|Any CPU.ActiveCfg = Release|Any CPU
		{A63ECC85-36F3-42CA-8B0E-77FC164CF225}.Release|Any CPU.Build.0 = Release|Any CPU
	EndGlobalSection
	GlobalSection(SolutionProperties) = preSolution
		HideSolutionNode = FALSE
	EndGlobalSection
	GlobalSection(ExtensibilityGlobals) = postSolution
		SolutionGuid = {BB145B4F-2031-49E8-9BF7-50741C4A0399}
	EndGlobalSection
EndGlobal
